
Microsoft Visual Studio Solution File, Format Version 12.00
# Visual Studio Version 17
VisualStudioVersion = 17.4.33205.214
MinimumVisualStudioVersion = 10.0.40219.1
Project("{FAE04EC0-301F-11D3-BF4B-00C04F79EFBC}") = "1-StaticClasses", "StaticClasses.Net\1-StaticClasses.csproj", "{BB338FC9-895E-4647-BF6A-6F4744A1E211}"
EndProject
Project("{FAE04EC0-301F-11D3-BF4B-00C04F79EFBC}") = "hwStaticClasses", "hwStaticClasses\hwStaticClasses.csproj", "{F75C5BCA-F699-4607-91C5-6EB7A5453151}"
EndProject
Project("{FAE04EC0-301F-11D3-BF4B-00C04F79EFBC}") = "2-InstantiatedClass2", "InstantiatedClass\2-InstantiatedClass2.csproj", "{03ED689D-5E36-4460-BE26-4CCE70C96770}"
EndProject
Project("{FAE04EC0-301F-11D3-BF4B-00C04F79EFBC}") = "hwInstantiatedClass", "hwInstantiatedClass\hwInstantiatedClass.csproj", "{9468B59D-85B9-416B-9226-49A0D99D9A39}"
EndProject
Project("{FAE04EC0-301F-11D3-BF4B-00C04F79EFBC}") = "3-PropertyTypes", "PropertyTypes\3-PropertyTypes.csproj", "{C4496F19-40F4-4674-BBEF-B0E9AF52A97F}"
EndProject
Project("{FAE04EC0-301F-11D3-BF4B-00C04F79EFBC}") = "hwProperties", "hwProperties\hwProperties.csproj", "{A9916A37-A8EA-4FDE-9448-C0D285443B55}"
EndProject
Project("{FAE04EC0-301F-11D3-BF4B-00C04F79EFBC}") = "2-InstantiatedClasses1", "InstantiatedClasses2\2-InstantiatedClasses1.csproj", "{9AA2F9B1-18F4-48D7-B1B9-79CDC8E97544}"
EndProject
Global
	GlobalSection(SolutionConfigurationPlatforms) = preSolution
		Debug|Any CPU = Debug|Any CPU
		Release|Any CPU = Release|Any CPU
	EndGlobalSection
	GlobalSection(ProjectConfigurationPlatforms) = postSolution
		{BB338FC9-895E-4647-BF6A-6F4744A1E211}.Debug|Any CPU.ActiveCfg = Debug|Any CPU
		{BB338FC9-895E-4647-BF6A-6F4744A1E211}.Debug|Any CPU.Build.0 = Debug|Any CPU
		{BB338FC9-895E-4647-BF6A-6F4744A1E211}.Release|Any CPU.ActiveCfg = Release|Any CPU
		{BB338FC9-895E-4647-BF6A-6F4744A1E211}.Release|Any CPU.Build.0 = Release|Any CPU
		{F75C5BCA-F699-4607-91C5-6EB7A5453151}.Debug|Any CPU.ActiveCfg = Debug|Any CPU
		{F75C5BCA-F699-4607-91C5-6EB7A5453151}.Debug|Any CPU.Build.0 = Debug|Any CPU
		{F75C5BCA-F699-4607-91C5-6EB7A5453151}.Release|Any CPU.ActiveCfg = Release|Any CPU
		{F75C5BCA-F699-4607-91C5-6EB7A5453151}.Release|Any CPU.Build.0 = Release|Any CPU
		{03ED689D-5E36-4460-BE26-4CCE70C96770}.Debug|Any CPU.ActiveCfg = Debug|Any CPU
		{03ED689D-5E36-4460-BE26-4CCE70C96770}.Debug|Any CPU.Build.0 = Debug|Any CPU
		{03ED689D-5E36-4460-BE26-4CCE70C96770}.Release|Any CPU.ActiveCfg = Release|Any CPU
		{03ED689D-5E36-4460-BE26-4CCE70C96770}.Release|Any CPU.Build.0 = Release|Any CPU
		{9468B59D-85B9-416B-9226-49A0D99D9A39}.Debug|Any CPU.ActiveCfg = Debug|Any CPU
		{9468B59D-85B9-416B-9226-49A0D99D9A39}.Debug|Any CPU.Build.0 = Debug|Any CPU
		{9468B59D-85B9-416B-9226-49A0D99D9A39}.Release|Any CPU.ActiveCfg = Release|Any CPU
		{9468B59D-85B9-416B-9226-49A0D99D9A39}.Release|Any CPU.Build.0 = Release|Any CPU
		{C4496F19-40F4-4674-BBEF-B0E9AF52A97F}.Debug|Any CPU.ActiveCfg = Debug|Any CPU
		{C4496F19-40F4-4674-BBEF-B0E9AF52A97F}.Debug|Any CPU.Build.0 = Debug|Any CPU
		{C4496F19-40F4-4674-BBEF-B0E9AF52A97F}.Release|Any CPU.ActiveCfg = Release|Any CPU
		{C4496F19-40F4-4674-BBEF-B0E9AF52A97F}.Release|Any CPU.Build.0 = Release|Any CPU
		{A9916A37-A8EA-4FDE-9448-C0D285443B55}.Debug|Any CPU.ActiveCfg = Debug|Any CPU
		{A9916A37-A8EA-4FDE-9448-C0D285443B55}.Debug|Any CPU.Build.0 = Debug|Any CPU
		{A9916A37-A8EA-4FDE-9448-C0D285443B55}.Release|Any CPU.ActiveCfg = Release|Any CPU
		{A9916A37-A8EA-4FDE-9448-C0D285443B55}.Release|Any CPU.Build.0 = Release|Any CPU
		{9AA2F9B1-18F4-48D7-B1B9-79CDC8E97544}.Debug|Any CPU.ActiveCfg = Debug|Any CPU
		{9AA2F9B1-18F4-48D7-B1B9-79CDC8E97544}.Debug|Any CPU.Build.0 = Debug|Any CPU
		{9AA2F9B1-18F4-48D7-B1B9-79CDC8E97544}.Release|Any CPU.ActiveCfg = Release|Any CPU
		{9AA2F9B1-18F4-48D7-B1B9-79CDC8E97544}.Release|Any CPU.Build.0 = Release|Any CPU
	EndGlobalSection
	GlobalSection(SolutionProperties) = preSolution
		HideSolutionNode = FALSE
	EndGlobalSection
	GlobalSection(ExtensibilityGlobals) = postSolution
		SolutionGuid = {8EF22522-0CC7-46B0-9716-B5E91068A95E}
	EndGlobalSection
EndGlobal
