
Microsoft Visual Studio Solution File, Format Version 12.00
# Visual Studio Version 17
VisualStudioVersion = 17.4.33205.214
MinimumVisualStudioVersion = 10.0.40219.1
Project("{9A19103F-16F7-4668-BE54-9A1E7A4F7556}") = "createMethod", "Methods\createMethod.csproj", "{3AF2EE1A-E7C1-4612-9C0B-8301A491B5C0}"
EndProject
Global
	GlobalSection(SolutionConfigurationPlatforms) = preSolution
		Debug|Any CPU = Debug|Any CPU
		Release|Any CPU = Release|Any CPU
	EndGlobalSection
	GlobalSection(ProjectConfigurationPlatforms) = postSolution
		{3AF2EE1A-E7C1-4612-9C0B-8301A491B5C0}.Debug|Any CPU.ActiveCfg = Debug|Any CPU
		{3AF2EE1A-E7C1-4612-9C0B-8301A491B5C0}.Debug|Any CPU.Build.0 = Debug|Any CPU
		{3AF2EE1A-E7C1-4612-9C0B-8301A491B5C0}.Release|Any CPU.ActiveCfg = Release|Any CPU
		{3AF2EE1A-E7C1-4612-9C0B-8301A491B5C0}.Release|Any CPU.Build.0 = Release|Any CPU
	EndGlobalSection
	GlobalSection(SolutionProperties) = preSolution
		HideSolutionNode = FALSE
	EndGlobalSection
	GlobalSection(ExtensibilityGlobals) = postSolution
		SolutionGuid = {EFD567A4-7625-4571-B30A-F32D98126758}
	EndGlobalSection
EndGlobal
